{
    "_meta": {
        "hash": {
            "sha256": "cd56733d91d81486636f70e447ce3708796d9fafddcc2963c0223818509296ab"
        },
        "pipfile-spec": 6,
        "requires": {
            "python_version": "3.10.6"
        },
        "sources": [
            {
                "name": "pypi",
                "url": "https://pypi.python.org/simple",
                "verify_ssl": true
            }
        ]
    },
    "default": {},
    "develop": {}
}
